// !$*UTF8*$!
{
	archiveVersion = 1;
	classes = {
	};
	objectVersion = 46;
	objects = {

/* Begin PBXBuildFile section */
		C712C7841A5F6DF60013CEA2 /* AppDelegate.swift in Sources */ = {isa = PBXBuildFile; fileRef = C712C7831A5F6DF60013CEA2 /* AppDelegate.swift */; };
		C712C7861A5F6DF60013CEA2 /* ViewController.swift in Sources */ = {isa = PBXBuildFile; fileRef = C712C7851A5F6DF60013CEA2 /* ViewController.swift */; };
		C712C7891A5F6DF60013CEA2 /* Main.storyboard in Resources */ = {isa = PBXBuildFile; fileRef = C712C7871A5F6DF60013CEA2 /* Main.storyboard */; };
		C712C78B1A5F6DF60013CEA2 /* Images.xcassets in Resources */ = {isa = PBXBuildFile; fileRef = C712C78A1A5F6DF60013CEA2 /* Images.xcassets */; };
		C712C78E1A5F6DF60013CEA2 /* LaunchScreen.xib in Resources */ = {isa = PBXBuildFile; fileRef = C712C78C1A5F6DF60013CEA2 /* LaunchScreen.xib */; };
		C712C79A1A5F6DF60013CEA2 /* GradientHourTests.swift in Sources */ = {isa = PBXBuildFile; fileRef = C712C7991A5F6DF60013CEA2 /* GradientHourTests.swift */; };
		C712C7A41A5F6E480013CEA2 /* Colors.swift in Sources */ = {isa = PBXBuildFile; fileRef = C712C7A31A5F6E480013CEA2 /* Colors.swift */; };
		C7FD67C61A60C32600BD8E9F /* MZTimerLabel.m in Sources */ = {isa = PBXBuildFile; fileRef = C7FD67C51A60C32600BD8E9F /* MZTimerLabel.m */; };
		C7FD67C81A60C58E00BD8E9F /* countdownLabel.swift in Sources */ = {isa = PBXBuildFile; fileRef = C7FD67C71A60C58E00BD8E9F /* countdownLabel.swift */; };
		C7FD67CE1A60C69700BD8E9F /* MZTimerLabel.m in Sources */ = {isa = PBXBuildFile; fileRef = C7FD67C51A60C32600BD8E9F /* MZTimerLabel.m */; };
		C7FD67D41A61154300BD8E9F /* BEMAnalogClockView.m in Sources */ = {isa = PBXBuildFile; fileRef = C7FD67D11A61154300BD8E9F /* BEMAnalogClockView.m */; };
		C7FD67D51A61154300BD8E9F /* KSMHand.m in Sources */ = {isa = PBXBuildFile; fileRef = C7FD67D31A61154300BD8E9F /* KSMHand.m */; };
/* End PBXBuildFile section */

/* Begin PBXContainerItemProxy section */
		C712C7941A5F6DF60013CEA2 /* PBXContainerItemProxy */ = {
			isa = PBXContainerItemProxy;
			containerPortal = C712C7761A5F6DF50013CEA2 /* Project object */;
			proxyType = 1;
			remoteGlobalIDString = C712C77D1A5F6DF50013CEA2;
			remoteInfo = GradientHour;
		};
/* End PBXContainerItemProxy section */

/* Begin PBXFileReference section */
		C712C77E1A5F6DF50013CEA2 /* GradientHour.app */ = {isa = PBXFileReference; explicitFileType = wrapper.application; includeInIndex = 0; path = GradientHour.app; sourceTree = BUILT_PRODUCTS_DIR; };
		C712C7821A5F6DF60013CEA2 /* Info.plist */ = {isa = PBXFileReference; lastKnownFileType = text.plist.xml; path = Info.plist; sourceTree = "<group>"; };
		C712C7831A5F6DF60013CEA2 /* AppDelegate.swift */ = {isa = PBXFileReference; lastKnownFileType = sourcecode.swift; path = AppDelegate.swift; sourceTree = "<group>"; };
		C712C7851A5F6DF60013CEA2 /* ViewController.swift */ = {isa = PBXFileReference; lastKnownFileType = sourcecode.swift; path = ViewController.swift; sourceTree = "<group>"; };
		C712C7881A5F6DF60013CEA2 /* Base */ = {isa = PBXFileReference; lastKnownFileType = file.storyboard; name = Base; path = Base.lproj/Main.storyboard; sourceTree = "<group>"; };
		C712C78A1A5F6DF60013CEA2 /* Images.xcassets */ = {isa = PBXFileReference; lastKnownFileType = folder.assetcatalog; path = Images.xcassets; sourceTree = "<group>"; };
		C712C78D1A5F6DF60013CEA2 /* Base */ = {isa = PBXFileReference; lastKnownFileType = file.xib; name = Base; path = Base.lproj/LaunchScreen.xib; sourceTree = "<group>"; };
		C712C7931A5F6DF60013CEA2 /* GradientHourTests.xctest */ = {isa = PBXFileReference; explicitFileType = wrapper.cfbundle; includeInIndex = 0; path = GradientHourTests.xctest; sourceTree = BUILT_PRODUCTS_DIR; };
		C712C7981A5F6DF60013CEA2 /* Info.plist */ = {isa = PBXFileReference; lastKnownFileType = text.plist.xml; path = Info.plist; sourceTree = "<group>"; };
		C712C7991A5F6DF60013CEA2 /* GradientHourTests.swift */ = {isa = PBXFileReference; lastKnownFileType = sourcecode.swift; path = GradientHourTests.swift; sourceTree = "<group>"; };
		C712C7A31A5F6E480013CEA2 /* Colors.swift */ = {isa = PBXFileReference; fileEncoding = 4; lastKnownFileType = sourcecode.swift; path = Colors.swift; sourceTree = "<group>"; };
		C7FD67C31A60C32500BD8E9F /* GradientHour-Bridging-Header.h */ = {isa = PBXFileReference; lastKnownFileType = sourcecode.c.h; path = "GradientHour-Bridging-Header.h"; sourceTree = "<group>"; };
		C7FD67C41A60C32600BD8E9F /* MZTimerLabel.h */ = {isa = PBXFileReference; fileEncoding = 4; lastKnownFileType = sourcecode.c.h; path = MZTimerLabel.h; sourceTree = "<group>"; };
		C7FD67C51A60C32600BD8E9F /* MZTimerLabel.m */ = {isa = PBXFileReference; fileEncoding = 4; lastKnownFileType = sourcecode.c.objc; path = MZTimerLabel.m; sourceTree = "<group>"; };
		C7FD67C71A60C58E00BD8E9F /* countdownLabel.swift */ = {isa = PBXFileReference; fileEncoding = 4; lastKnownFileType = sourcecode.swift; path = countdownLabel.swift; sourceTree = "<group>"; };
		C7FD67D01A61154300BD8E9F /* BEMAnalogClockView.h */ = {isa = PBXFileReference; fileEncoding = 4; lastKnownFileType = sourcecode.c.h; path = BEMAnalogClockView.h; sourceTree = "<group>"; };
		C7FD67D11A61154300BD8E9F /* BEMAnalogClockView.m */ = {isa = PBXFileReference; fileEncoding = 4; lastKnownFileType = sourcecode.c.objc; path = BEMAnalogClockView.m; sourceTree = "<group>"; };
		C7FD67D21A61154300BD8E9F /* KSMHand.h */ = {isa = PBXFileReference; fileEncoding = 4; lastKnownFileType = sourcecode.c.h; path = KSMHand.h; sourceTree = "<group>"; };
		C7FD67D31A61154300BD8E9F /* KSMHand.m */ = {isa = PBXFileReference; fileEncoding = 4; lastKnownFileType = sourcecode.c.objc; path = KSMHand.m; sourceTree = "<group>"; };
/* End PBXFileReference section */

/* Begin PBXFrameworksBuildPhase section */
		C712C77B1A5F6DF50013CEA2 /* Frameworks */ = {
			isa = PBXFrameworksBuildPhase;
			buildActionMask = 2147483647;
			files = (
			);
			runOnlyForDeploymentPostprocessing = 0;
		};
		C712C7901A5F6DF60013CEA2 /* Frameworks */ = {
			isa = PBXFrameworksBuildPhase;
			buildActionMask = 2147483647;
			files = (
			);
			runOnlyForDeploymentPostprocessing = 0;
		};
/* End PBXFrameworksBuildPhase section */

/* Begin PBXGroup section */
		C712C7751A5F6DF50013CEA2 = {
			isa = PBXGroup;
			children = (
				C712C7801A5F6DF50013CEA2 /* GradientHour */,
				C712C7961A5F6DF60013CEA2 /* GradientHourTests */,
				C712C77F1A5F6DF50013CEA2 /* Products */,
			);
			sourceTree = "<group>";
		};
		C712C77F1A5F6DF50013CEA2 /* Products */ = {
			isa = PBXGroup;
			children = (
				C712C77E1A5F6DF50013CEA2 /* GradientHour.app */,
				C712C7931A5F6DF60013CEA2 /* GradientHourTests.xctest */,
			);
			name = Products;
			sourceTree = "<group>";
		};
		C712C7801A5F6DF50013CEA2 /* GradientHour */ = {
			isa = PBXGroup;
			children = (
				C712C7831A5F6DF60013CEA2 /* AppDelegate.swift */,
				C712C7851A5F6DF60013CEA2 /* ViewController.swift */,
				C712C7A31A5F6E480013CEA2 /* Colors.swift */,
				C712C7871A5F6DF60013CEA2 /* Main.storyboard */,
				C712C78A1A5F6DF60013CEA2 /* Images.xcassets */,
				C712C78C1A5F6DF60013CEA2 /* LaunchScreen.xib */,
				C7FD67C31A60C32500BD8E9F /* GradientHour-Bridging-Header.h */,
				C7FD67CC1A60C5B900BD8E9F /* countdownLabel */,
				C712C7811A5F6DF50013CEA2 /* Supporting Files */,
			);
			path = GradientHour;
			sourceTree = "<group>";
		};
		C712C7811A5F6DF50013CEA2 /* Supporting Files */ = {
			isa = PBXGroup;
			children = (
				C7FD67D01A61154300BD8E9F /* BEMAnalogClockView.h */,
				C7FD67D11A61154300BD8E9F /* BEMAnalogClockView.m */,
				C7FD67D21A61154300BD8E9F /* KSMHand.h */,
				C7FD67D31A61154300BD8E9F /* KSMHand.m */,
				C7FD67C41A60C32600BD8E9F /* MZTimerLabel.h */,
				C7FD67C51A60C32600BD8E9F /* MZTimerLabel.m */,
				C712C7821A5F6DF60013CEA2 /* Info.plist */,
			);
			name = "Supporting Files";
			sourceTree = "<group>";
		};
		C712C7961A5F6DF60013CEA2 /* GradientHourTests */ = {
			isa = PBXGroup;
			children = (
				C712C7991A5F6DF60013CEA2 /* GradientHourTests.swift */,
				C712C7971A5F6DF60013CEA2 /* Supporting Files */,
			);
			path = GradientHourTests;
			sourceTree = "<group>";
		};
		C712C7971A5F6DF60013CEA2 /* Supporting Files */ = {
			isa = PBXGroup;
			children = (
				C712C7981A5F6DF60013CEA2 /* Info.plist */,
			);
			name = "Supporting Files";
			sourceTree = "<group>";
		};
		C7FD67CC1A60C5B900BD8E9F /* countdownLabel */ = {
			isa = PBXGroup;
			children = (
				C7FD67C71A60C58E00BD8E9F /* countdownLabel.swift */,
			);
			name = countdownLabel;
			sourceTree = "<group>";
		};
/* End PBXGroup section */

/* Begin PBXNativeTarget section */
		C712C77D1A5F6DF50013CEA2 /* GradientHour */ = {
			isa = PBXNativeTarget;
			buildConfigurationList = C712C79D1A5F6DF60013CEA2 /* Build configuration list for PBXNativeTarget "GradientHour" */;
			buildPhases = (
				C712C77A1A5F6DF50013CEA2 /* Sources */,
				C712C77B1A5F6DF50013CEA2 /* Frameworks */,
				C712C77C1A5F6DF50013CEA2 /* Resources */,
			);
			buildRules = (
			);
			dependencies = (
			);
			name = GradientHour;
			productName = GradientHour;
			productReference = C712C77E1A5F6DF50013CEA2 /* GradientHour.app */;
			productType = "com.apple.product-type.application";
		};
		C712C7921A5F6DF60013CEA2 /* GradientHourTests */ = {
			isa = PBXNativeTarget;
			buildConfigurationList = C712C7A01A5F6DF60013CEA2 /* Build configuration list for PBXNativeTarget "GradientHourTests" */;
			buildPhases = (
				C712C78F1A5F6DF60013CEA2 /* Sources */,
				C712C7901A5F6DF60013CEA2 /* Frameworks */,
				C712C7911A5F6DF60013CEA2 /* Resources */,
			);
			buildRules = (
			);
			dependencies = (
				C712C7951A5F6DF60013CEA2 /* PBXTargetDependency */,
			);
			name = GradientHourTests;
			productName = GradientHourTests;
			productReference = C712C7931A5F6DF60013CEA2 /* GradientHourTests.xctest */;
			productType = "com.apple.product-type.bundle.unit-test";
		};
/* End PBXNativeTarget section */

/* Begin PBXProject section */
		C712C7761A5F6DF50013CEA2 /* Project object */ = {
			isa = PBXProject;
			attributes = {
				LastUpgradeCheck = 0610;
				ORGANIZATIONNAME = Saul;
				TargetAttributes = {
					C712C77D1A5F6DF50013CEA2 = {
						CreatedOnToolsVersion = 6.1.1;
					};
					C712C7921A5F6DF60013CEA2 = {
						CreatedOnToolsVersion = 6.1.1;
						TestTargetID = C712C77D1A5F6DF50013CEA2;
					};
				};
			};
			buildConfigurationList = C712C7791A5F6DF50013CEA2 /* Build configuration list for PBXProject "GradientHour" */;
			compatibilityVersion = "Xcode 3.2";
			developmentRegion = English;
			hasScannedForEncodings = 0;
			knownRegions = (
				en,
				Base,
			);
			mainGroup = C712C7751A5F6DF50013CEA2;
			productRefGroup = C712C77F1A5F6DF50013CEA2 /* Products */;
			projectDirPath = "";
			projectRoot = "";
			targets = (
				C712C77D1A5F6DF50013CEA2 /* GradientHour */,
				C712C7921A5F6DF60013CEA2 /* GradientHourTests */,
			);
		};
/* End PBXProject section */

/* Begin PBXResourcesBuildPhase section */
		C712C77C1A5F6DF50013CEA2 /* Resources */ = {
			isa = PBXResourcesBuildPhase;
			buildActionMask = 2147483647;
			files = (
				C712C7891A5F6DF60013CEA2 /* Main.storyboard in Resources */,
				C712C78E1A5F6DF60013CEA2 /* LaunchScreen.xib in Resources */,
				C712C78B1A5F6DF60013CEA2 /* Images.xcassets in Resources */,
			);
			runOnlyForDeploymentPostprocessing = 0;
		};
		C712C7911A5F6DF60013CEA2 /* Resources */ = {
			isa = PBXResourcesBuildPhase;
			buildActionMask = 2147483647;
			files = (
			);
			runOnlyForDeploymentPostprocessing = 0;
		};
/* End PBXResourcesBuildPhase section */

/* Begin PBXSourcesBuildPhase section */
		C712C77A1A5F6DF50013CEA2 /* Sources */ = {
			isa = PBXSourcesBuildPhase;
			buildActionMask = 2147483647;
			files = (
				C712C7861A5F6DF60013CEA2 /* ViewController.swift in Sources */,
				C7FD67C61A60C32600BD8E9F /* MZTimerLabel.m in Sources */,
				C7FD67D41A61154300BD8E9F /* BEMAnalogClockView.m in Sources */,
				C712C7A41A5F6E480013CEA2 /* Colors.swift in Sources */,
				C7FD67C81A60C58E00BD8E9F /* countdownLabel.swift in Sources */,
				C712C7841A5F6DF60013CEA2 /* AppDelegate.swift in Sources */,
				C7FD67D51A61154300BD8E9F /* KSMHand.m in Sources */,
			);
			runOnlyForDeploymentPostprocessing = 0;
		};
		C712C78F1A5F6DF60013CEA2 /* Sources */ = {
			isa = PBXSourcesBuildPhase;
			buildActionMask = 2147483647;
			files = (
				C7FD67CE1A60C69700BD8E9F /* MZTimerLabel.m in Sources */,
				C712C79A1A5F6DF60013CEA2 /* GradientHourTests.swift in Sources */,
			);
			runOnlyForDeploymentPostprocessing = 0;
		};
/* End PBXSourcesBuildPhase section */

/* Begin PBXTargetDependency section */
		C712C7951A5F6DF60013CEA2 /* PBXTargetDependency */ = {
			isa = PBXTargetDependency;
			target = C712C77D1A5F6DF50013CEA2 /* GradientHour */;
			targetProxy = C712C7941A5F6DF60013CEA2 /* PBXContainerItemProxy */;
		};
/* End PBXTargetDependency section */

/* Begin PBXVariantGroup section */
		C712C7871A5F6DF60013CEA2 /* Main.storyboard */ = {
			isa = PBXVariantGroup;
			children = (
				C712C7881A5F6DF60013CEA2 /* Base */,
			);
			name = Main.storyboard;
			sourceTree = "<group>";
		};
		C712C78C1A5F6DF60013CEA2 /* LaunchScreen.xib */ = {
			isa = PBXVariantGroup;
			children = (
				C712C78D1A5F6DF60013CEA2 /* Base */,
			);
			name = LaunchScreen.xib;
			sourceTree = "<group>";
		};
/* End PBXVariantGroup section */

/* Begin XCBuildConfiguration section */
		C712C79B1A5F6DF60013CEA2 /* Debug */ = {
			isa = XCBuildConfiguration;
			buildSettings = {
				ALWAYS_SEARCH_USER_PATHS = NO;
				CLANG_CXX_LANGUAGE_STANDARD = "gnu++0x";
				CLANG_CXX_LIBRARY = "libc++";
				CLANG_ENABLE_MODULES = YES;
				CLANG_ENABLE_OBJC_ARC = YES;
				CLANG_WARN_BOOL_CONVERSION = YES;
				CLANG_WARN_CONSTANT_CONVERSION = YES;
				CLANG_WARN_DIRECT_OBJC_ISA_USAGE = YES_ERROR;
				CLANG_WARN_EMPTY_BODY = YES;
				CLANG_WARN_ENUM_CONVERSION = YES;
				CLANG_WARN_INT_CONVERSION = YES;
				CLANG_WARN_OBJC_ROOT_CLASS = YES_ERROR;
				CLANG_WARN_UNREACHABLE_CODE = YES;
				CLANG_WARN__DUPLICATE_METHOD_MATCH = YES;
				"CODE_SIGN_IDENTITY[sdk=iphoneos*]" = "iPhone Developer";
				COPY_PHASE_STRIP = NO;
				ENABLE_STRICT_OBJC_MSGSEND = YES;
				GCC_C_LANGUAGE_STANDARD = gnu99;
				GCC_DYNAMIC_NO_PIC = NO;
				GCC_OPTIMIZATION_LEVEL = 0;
				GCC_PREPROCESSOR_DEFINITIONS = (
					"DEBUG=1",
					"$(inherited)",
				);
				GCC_SYMBOLS_PRIVATE_EXTERN = NO;
				GCC_WARN_64_TO_32_BIT_CONVERSION = YES;
				GCC_WARN_ABOUT_RETURN_TYPE = YES_ERROR;
				GCC_WARN_UNDECLARED_SELECTOR = YES;
				GCC_WARN_UNINITIALIZED_AUTOS = YES_AGGRESSIVE;
				GCC_WARN_UNUSED_FUNCTION = YES;
				GCC_WARN_UNUSED_VARIABLE = YES;
				IPHONEOS_DEPLOYMENT_TARGET = 8.1;
				MTL_ENABLE_DEBUG_INFO = YES;
				ONLY_ACTIVE_ARCH = YES;
				SDKROOT = iphoneos;
				SWIFT_OPTIMIZATION_LEVEL = "-Onone";
			};
			name = Debug;
		};
		C712C79C1A5F6DF60013CEA2 /* Release */ = {
			isa = XCBuildConfiguration;
			buildSettings = {
				ALWAYS_SEARCH_USER_PATHS = NO;
				CLANG_CXX_LANGUAGE_STANDARD = "gnu++0x";
				CLANG_CXX_LIBRARY = "libc++";
				CLANG_ENABLE_MODULES = YES;
				CLANG_ENABLE_OBJC_ARC = YES;
				CLANG_WARN_BOOL_CONVERSION = YES;
				CLANG_WARN_CONSTANT_CONVERSION = YES;
				CLANG_WARN_DIRECT_OBJC_ISA_USAGE = YES_ERROR;
				CLANG_WARN_EMPTY_BODY = YES;
				CLANG_WARN_ENUM_CONVERSION = YES;
				CLANG_WARN_INT_CONVERSION = YES;
				CLANG_WARN_OBJC_ROOT_CLASS = YES_ERROR;
				CLANG_WARN_UNREACHABLE_CODE = YES;
				CLANG_WARN__DUPLICATE_METHOD_MATCH = YES;
				"CODE_SIGN_IDENTITY[sdk=iphoneos*]" = "iPhone Developer";
				COPY_PHASE_STRIP = YES;
				ENABLE_NS_ASSERTIONS = NO;
				ENABLE_STRICT_OBJC_MSGSEND = YES;
				GCC_C_LANGUAGE_STANDARD = gnu99;
				GCC_WARN_64_TO_32_BIT_CONVERSION = YES;
				GCC_WARN_ABOUT_RETURN_TYPE = YES_ERROR;
				GCC_WARN_UNDECLARED_SELECTOR = YES;
				GCC_WARN_UNINITIALIZED_AUTOS = YES_AGGRESSIVE;
				GCC_WARN_UNUSED_FUNCTION = YES;
				GCC_WARN_UNUSED_VARIABLE = YES;
				IPHONEOS_DEPLOYMENT_TARGET = 8.1;
				MTL_ENABLE_DEBUG_INFO = NO;
				SDKROOT = iphoneos;
				VALIDATE_PRODUCT = YES;
			};
			name = Release;
		};
		C712C79E1A5F6DF60013CEA2 /* Debug */ = {
			isa = XCBuildConfiguration;
			buildSettings = {
				ASSETCATALOG_COMPILER_APPICON_NAME = AppIcon;
				CLANG_ENABLE_MODULES = YES;
				INFOPLIST_FILE = GradientHour/Info.plist;
				LD_RUNPATH_SEARCH_PATHS = "$(inherited) @executable_path/Frameworks";
				PRODUCT_NAME = "$(TARGET_NAME)";
				SWIFT_OBJC_BRIDGING_HEADER = "GradientHour/GradientHour-Bridging-Header.h";
				SWIFT_OPTIMIZATION_LEVEL = "-Onone";
			};
			name = Debug;
		};
		C712C79F1A5F6DF60013CEA2 /* Release */ = {
			isa = XCBuildConfiguration;
			buildSettings = {
				ASSETCATALOG_COMPILER_APPICON_NAME = AppIcon;
				CLANG_ENABLE_MODULES = YES;
				INFOPLIST_FILE = GradientHour/Info.plist;
				LD_RUNPATH_SEARCH_PATHS = "$(inherited) @executable_path/Frameworks";
				PRODUCT_NAME = "$(TARGET_NAME)";
				SWIFT_OBJC_BRIDGING_HEADER = "GradientHour/GradientHour-Bridging-Header.h";
			};
			name = Release;
		};
		C712C7A11A5F6DF60013CEA2 /* Debug */ = {
			isa = XCBuildConfiguration;
			buildSettings = {
				BUNDLE_LOADER = "$(TEST_HOST)";
				FRAMEWORK_SEARCH_PATHS = (
					"$(SDKROOT)/Developer/Library/Frameworks",
					"$(inherited)",
				);
				GCC_PREPROCESSOR_DEFINITIONS = (
					"DEBUG=1",
					"$(inherited)",
				);
				INFOPLIST_FILE = GradientHourTests/Info.plist;
				LD_RUNPATH_SEARCH_PATHS = "$(inherited) @executable_path/Frameworks @loader_path/Frameworks";
				PRODUCT_NAME = "$(TARGET_NAME)";
				TEST_HOST = "$(BUILT_PRODUCTS_DIR)/GradientHour.app/GradientHour";
			};
			name = Debug;
		};
		C712C7A21A5F6DF60013CEA2 /* Release */ = {
			isa = XCBuildConfiguration;
			buildSettings = {
				BUNDLE_LOADER = "$(TEST_HOST)";
				FRAMEWORK_SEARCH_PATHS = (
					"$(SDKROOT)/Developer/Library/Frameworks",
					"$(inherited)",
				);
				INFOPLIST_FILE = GradientHourTests/Info.plist;
				LD_RUNPATH_SEARCH_PATHS = "$(inherited) @executable_path/Frameworks @loader_path/Frameworks";
				PRODUCT_NAME = "$(TARGET_NAME)";
				TEST_HOST = "$(BUILT_PRODUCTS_DIR)/GradientHour.app/GradientHour";
			};
			name = Release;
		};
/* End XCBuildConfiguration section */

/* Begin XCConfigurationList section */
		C712C7791A5F6DF50013CEA2 /* Build configuration list for PBXProject "GradientHour" */ = {
			isa = XCConfigurationList;
			buildConfigurations = (
				C712C79B1A5F6DF60013CEA2 /* Debug */,
				C712C79C1A5F6DF60013CEA2 /* Release */,
			);
			defaultConfigurationIsVisible = 0;
			defaultConfigurationName = Release;
		};
		C712C79D1A5F6DF60013CEA2 /* Build configuration list for PBXNativeTarget "GradientHour" */ = {
			isa = XCConfigurationList;
			buildConfigurations = (
				C712C79E1A5F6DF60013CEA2 /* Debug */,
				C712C79F1A5F6DF60013CEA2 /* Release */,
			);
			defaultConfigurationIsVisible = 0;
			defaultConfigurationName = Release;
		};
		C712C7A01A5F6DF60013CEA2 /* Build configuration list for PBXNativeTarget "GradientHourTests" */ = {
			isa = XCConfigurationList;
			buildConfigurations = (
				C712C7A11A5F6DF60013CEA2 /* Debug */,
				C712C7A21A5F6DF60013CEA2 /* Release */,
			);
			defaultConfigurationIsVisible = 0;
			defaultConfigurationName = Release;
		};
/* End XCConfigurationList section */
	};
	rootObject = C712C7761A5F6DF50013CEA2 /* Project object */;
}
